{
  "name": "skill-fixture-vulnerable-app",
  "lockfileVersion": 2,
  "packages": {
    "": {
      "dependencies": {
        "lodash": "4.17.20",
        "minimist": "0.0.8"
      }
    },
    "node_modules/lodash": {
      "version": "4.17.20",
      "resolved": "https://registry.npmjs.org/lodash/-/lodash-4.17.20.tgz",
      "integrity": "sha512-test",
      "dependencies": {}
    },
    "node_modules/minimist": {
      "version": "0.0.8",
      "resolved": "https://registry.npmjs.org/minimist/-/minimist-0.0.8.tgz",
      "integrity": "sha512-test"
    }
  },
  "dependencies": {
    "lodash": {
      "version": "4.17.20"
    },
    "minimist": {
      "version": "0.0.8"
    }
  }
}
